
Microsoft Visual Studio Solution File, Format Version 12.00
# Visual Studio Version 16
VisualStudioVersion = 16.0.29728.190
MinimumVisualStudioVersion = 10.0.40219.1
Project("{FAE04EC0-301F-11D3-BF4B-00C04F79EFBC}") = "ConsoleApp1", "ConsoleApp1\ConsoleApp1.csproj", "{44E559B5-5AA2-4C5B-8E16-75F8D4312FC9}"
EndProject
Global
	GlobalSection(SolutionConfigurationPlatforms) = preSolution
		Debug|Any CPU = Debug|Any CPU
		Release|Any CPU = Release|Any CPU
	EndGlobalSection
	GlobalSection(ProjectConfigurationPlatforms) = postSolution
		{44E559B5-5AA2-4C5B-8E16-75F8D4312FC9}.Debug|Any CPU.ActiveCfg = Debug|Any CPU
		{44E559B5-5AA2-4C5B-8E16-75F8D4312FC9}.Debug|Any CPU.Build.0 = Debug|Any CPU
		{44E559B5-5AA2-4C5B-8E16-75F8D4312FC9}.Release|Any CPU.ActiveCfg = Release|Any CPU
		{44E559B5-5AA2-4C5B-8E16-75F8D4312FC9}.Release|Any CPU.Build.0 = Release|Any CPU
	EndGlobalSection
	GlobalSection(SolutionProperties) = preSolution
		HideSolutionNode = FALSE
	EndGlobalSection
	GlobalSection(ExtensibilityGlobals) = postSolution
		SolutionGuid = {3F473E5E-F384-4CC4-B421-26D93C5D6B32}
	EndGlobalSection
EndGlobal
